
Microsoft Visual Studio Solution File, Format Version 12.00
Project("{FAE04EC0-301F-11D3-BF4B-00C04F79EFBC}") = "SchoolDemo", "SchoolDemo\SchoolDemo.csproj", "{5900FA70-605E-45B1-8A6E-56E48598ACB5}"
EndProject
Global
	GlobalSection(SolutionConfigurationPlatforms) = preSolution
		Debug|Any CPU = Debug|Any CPU
		Release|Any CPU = Release|Any CPU
	EndGlobalSection
	GlobalSection(ProjectConfigurationPlatforms) = postSolution
		{5900FA70-605E-45B1-8A6E-56E48598ACB5}.Debug|Any CPU.ActiveCfg = Debug|Any CPU
		{5900FA70-605E-45B1-8A6E-56E48598ACB5}.Debug|Any CPU.Build.0 = Debug|Any CPU
		{5900FA70-605E-45B1-8A6E-56E48598ACB5}.Release|Any CPU.ActiveCfg = Release|Any CPU
		{5900FA70-605E-45B1-8A6E-56E48598ACB5}.Release|Any CPU.Build.0 = Release|Any CPU
	EndGlobalSection
EndGlobal
